
Microsoft Visual Studio Solution File, Format Version 12.00
# Visual Studio Version 17
VisualStudioVersion = 17.11.35312.102
MinimumVisualStudioVersion = 10.0.40219.1
Project("{8BC9CEB8-8B4A-11D0-8D11-00A0C91BC942}") = "P28", "P28\P28.vcxproj", "{657D944D-F54C-44CF-B1A5-A78B3045DA20}"
EndProject
Global
	GlobalSection(SolutionConfigurationPlatforms) = preSolution
		Debug|x64 = Debug|x64
		Debug|x86 = Debug|x86
		Release|x64 = Release|x64
		Release|x86 = Release|x86
	EndGlobalSection
	GlobalSection(ProjectConfigurationPlatforms) = postSolution
		{657D944D-F54C-44CF-B1A5-A78B3045DA20}.Debug|x64.ActiveCfg = Debug|x64
		{657D944D-F54C-44CF-B1A5-A78B3045DA20}.Debug|x64.Build.0 = Debug|x64
		{657D944D-F54C-44CF-B1A5-A78B3045DA20}.Debug|x86.ActiveCfg = Debug|Win32
		{657D944D-F54C-44CF-B1A5-A78B3045DA20}.Debug|x86.Build.0 = Debug|Win32
		{657D944D-F54C-44CF-B1A5-A78B3045DA20}.Release|x64.ActiveCfg = Release|x64
		{657D944D-F54C-44CF-B1A5-A78B3045DA20}.Release|x64.Build.0 = Release|x64
		{657D944D-F54C-44CF-B1A5-A78B3045DA20}.Release|x86.ActiveCfg = Release|Win32
		{657D944D-F54C-44CF-B1A5-A78B3045DA20}.Release|x86.Build.0 = Release|Win32
	EndGlobalSection
	GlobalSection(SolutionProperties) = preSolution
		HideSolutionNode = FALSE
	EndGlobalSection
	GlobalSection(ExtensibilityGlobals) = postSolution
		SolutionGuid = {784D4D09-BE12-4D1D-A05C-FF13525DC6D3}
	EndGlobalSection
EndGlobal
